
Microsoft Visual Studio Solution File, Format Version 12.00
# Visual Studio Version 16
VisualStudioVersion = 16.0.31515.178
MinimumVisualStudioVersion = 10.0.40219.1
Project("{9A19103F-16F7-4668-BE54-9A1E7A4F7556}") = "TracerCafe", "TracerCafe\TracerCafe.csproj", "{0E120F94-3681-499E-83A3-BA966959541F}"
EndProject
Project("{9A19103F-16F7-4668-BE54-9A1E7A4F7556}") = "TracerCafe.Services", "TracerCafe.Services\TracerCafe.Services.csproj", "{B99FBE20-ABA7-4EAC-A1A5-F299B8ABC3C3}"
EndProject
Project("{9A19103F-16F7-4668-BE54-9A1E7A4F7556}") = "TracerCafe.Data", "TracerCafe.Data\TracerCafe.Data.csproj", "{B41D1247-EBF5-4694-B991-D1A22FEBDAC9}"
EndProject
Project("{9A19103F-16F7-4668-BE54-9A1E7A4F7556}") = "APITracer", "APITracer\APITracer.csproj", "{75783600-10AD-4E6B-A627-A8BF2B73A3F3}"
EndProject
Project("{FAE04EC0-301F-11D3-BF4B-00C04F79EFBC}") = "ProjectUnitTests", "ProjectUnitTests\ProjectUnitTests.csproj", "{CF5704D1-7756-464C-A997-7054376FDA90}"
EndProject
Global
	GlobalSection(SolutionConfigurationPlatforms) = preSolution
		Debug|Any CPU = Debug|Any CPU
		Release|Any CPU = Release|Any CPU
	EndGlobalSection
	GlobalSection(ProjectConfigurationPlatforms) = postSolution
		{0E120F94-3681-499E-83A3-BA966959541F}.Debug|Any CPU.ActiveCfg = Debug|Any CPU
		{0E120F94-3681-499E-83A3-BA966959541F}.Debug|Any CPU.Build.0 = Debug|Any CPU
		{0E120F94-3681-499E-83A3-BA966959541F}.Release|Any CPU.ActiveCfg = Release|Any CPU
		{0E120F94-3681-499E-83A3-BA966959541F}.Release|Any CPU.Build.0 = Release|Any CPU
		{B99FBE20-ABA7-4EAC-A1A5-F299B8ABC3C3}.Debug|Any CPU.ActiveCfg = Debug|Any CPU
		{B99FBE20-ABA7-4EAC-A1A5-F299B8ABC3C3}.Debug|Any CPU.Build.0 = Debug|Any CPU
		{B99FBE20-ABA7-4EAC-A1A5-F299B8ABC3C3}.Release|Any CPU.ActiveCfg = Release|Any CPU
		{B99FBE20-ABA7-4EAC-A1A5-F299B8ABC3C3}.Release|Any CPU.Build.0 = Release|Any CPU
		{B41D1247-EBF5-4694-B991-D1A22FEBDAC9}.Debug|Any CPU.ActiveCfg = Debug|Any CPU
		{B41D1247-EBF5-4694-B991-D1A22FEBDAC9}.Debug|Any CPU.Build.0 = Debug|Any CPU
		{B41D1247-EBF5-4694-B991-D1A22FEBDAC9}.Release|Any CPU.ActiveCfg = Release|Any CPU
		{B41D1247-EBF5-4694-B991-D1A22FEBDAC9}.Release|Any CPU.Build.0 = Release|Any CPU
		{75783600-10AD-4E6B-A627-A8BF2B73A3F3}.Debug|Any CPU.ActiveCfg = Debug|Any CPU
		{75783600-10AD-4E6B-A627-A8BF2B73A3F3}.Debug|Any CPU.Build.0 = Debug|Any CPU
		{75783600-10AD-4E6B-A627-A8BF2B73A3F3}.Release|Any CPU.ActiveCfg = Release|Any CPU
		{75783600-10AD-4E6B-A627-A8BF2B73A3F3}.Release|Any CPU.Build.0 = Release|Any CPU
		{CF5704D1-7756-464C-A997-7054376FDA90}.Debug|Any CPU.ActiveCfg = Debug|Any CPU
		{CF5704D1-7756-464C-A997-7054376FDA90}.Debug|Any CPU.Build.0 = Debug|Any CPU
		{CF5704D1-7756-464C-A997-7054376FDA90}.Release|Any CPU.ActiveCfg = Release|Any CPU
		{CF5704D1-7756-464C-A997-7054376FDA90}.Release|Any CPU.Build.0 = Release|Any CPU
	EndGlobalSection
	GlobalSection(SolutionProperties) = preSolution
		HideSolutionNode = FALSE
	EndGlobalSection
	GlobalSection(ExtensibilityGlobals) = postSolution
		SolutionGuid = {A655EDF8-55D4-4D82-A927-962421D3A56A}
	EndGlobalSection
EndGlobal
